
Microsoft Visual Studio Solution File, Format Version 12.00
# Visual Studio Version 17
VisualStudioVersion = 17.11.35327.3
MinimumVisualStudioVersion = 10.0.40219.1
Project("{FAE04EC0-301F-11D3-BF4B-00C04F79EFBC}") = "HelloWorld", "HelloWorld.csproj", "{AD93F649-CE19-401F-AE19-DB786F0ED578}"
EndProject
Global
	GlobalSection(SolutionConfigurationPlatforms) = preSolution
		Debug|Any CPU = Debug|Any CPU
		Release|Any CPU = Release|Any CPU
	EndGlobalSection
	GlobalSection(ProjectConfigurationPlatforms) = postSolution
		{AD93F649-CE19-401F-AE19-DB786F0ED578}.Debug|Any CPU.ActiveCfg = Debug|Any CPU
		{AD93F649-CE19-401F-AE19-DB786F0ED578}.Debug|Any CPU.Build.0 = Debug|Any CPU
		{AD93F649-CE19-401F-AE19-DB786F0ED578}.Release|Any CPU.ActiveCfg = Release|Any CPU
		{AD93F649-CE19-401F-AE19-DB786F0ED578}.Release|Any CPU.Build.0 = Release|Any CPU
	EndGlobalSection
	GlobalSection(SolutionProperties) = preSolution
		HideSolutionNode = FALSE
	EndGlobalSection
	GlobalSection(ExtensibilityGlobals) = postSolution
		SolutionGuid = {091DC206-438D-4275-B0A8-5F28108354B7}
	EndGlobalSection
EndGlobal
